// !$*UTF8*$!
{
	archiveVersion = 1;
	classes = {
	};
	objectVersion = 46;
	objects = {

/* Begin PBXBuildFile section */
		FE1DB8701D63FFC100D266A3 /* us_universities.txt in Resources */ = {isa = PBXBuildFile; fileRef = FE1DB86F1D63FFC100D266A3 /* us_universities.txt */; };
		FE1E91CF1D64CC94001A01DF /* Main_v2.storyboard in Resources */ = {isa = PBXBuildFile; fileRef = FE1E91CE1D64CC94001A01DF /* Main_v2.storyboard */; };
		FE624D361D636D790001FB3D /* AppDelegate.swift in Sources */ = {isa = PBXBuildFile; fileRef = FE624D351D636D790001FB3D /* AppDelegate.swift */; };
		FE624D381D636D790001FB3D /* ViewController.swift in Sources */ = {isa = PBXBuildFile; fileRef = FE624D371D636D790001FB3D /* ViewController.swift */; };
		FE624D3B1D636D790001FB3D /* Main.storyboard in Resources */ = {isa = PBXBuildFile; fileRef = FE624D391D636D790001FB3D /* Main.storyboard */; };
		FE624D3D1D636D790001FB3D /* Assets.xcassets in Resources */ = {isa = PBXBuildFile; fileRef = FE624D3C1D636D790001FB3D /* Assets.xcassets */; };
		FE624D401D636D790001FB3D /* LaunchScreen.storyboard in Resources */ = {isa = PBXBuildFile; fileRef = FE624D3E1D636D790001FB3D /* LaunchScreen.storyboard */; };
		FE624D4B1D636D790001FB3D /* schoolsTestTests.swift in Sources */ = {isa = PBXBuildFile; fileRef = FE624D4A1D636D790001FB3D /* schoolsTestTests.swift */; };
		FE624D561D636D790001FB3D /* schoolsTestUITests.swift in Sources */ = {isa = PBXBuildFile; fileRef = FE624D551D636D790001FB3D /* schoolsTestUITests.swift */; };
/* End PBXBuildFile section */

/* Begin PBXContainerItemProxy section */
		FE624D471D636D790001FB3D /* PBXContainerItemProxy */ = {
			isa = PBXContainerItemProxy;
			containerPortal = FE624D2A1D636D790001FB3D /* Project object */;
			proxyType = 1;
			remoteGlobalIDString = FE624D311D636D790001FB3D;
			remoteInfo = schoolsTest;
		};
		FE624D521D636D790001FB3D /* PBXContainerItemProxy */ = {
			isa = PBXContainerItemProxy;
			containerPortal = FE624D2A1D636D790001FB3D /* Project object */;
			proxyType = 1;
			remoteGlobalIDString = FE624D311D636D790001FB3D;
			remoteInfo = schoolsTest;
		};
/* End PBXContainerItemProxy section */

/* Begin PBXFileReference section */
		FE1DB86F1D63FFC100D266A3 /* us_universities.txt */ = {isa = PBXFileReference; fileEncoding = 4; lastKnownFileType = text; path = us_universities.txt; sourceTree = "<group>"; };
		FE1E91CE1D64CC94001A01DF /* Main_v2.storyboard */ = {isa = PBXFileReference; fileEncoding = 4; lastKnownFileType = file.storyboard; path = Main_v2.storyboard; sourceTree = "<group>"; };
		FE624D321D636D790001FB3D /* schoolsTest.app */ = {isa = PBXFileReference; explicitFileType = wrapper.application; includeInIndex = 0; path = schoolsTest.app; sourceTree = BUILT_PRODUCTS_DIR; };
		FE624D351D636D790001FB3D /* AppDelegate.swift */ = {isa = PBXFileReference; lastKnownFileType = sourcecode.swift; path = AppDelegate.swift; sourceTree = "<group>"; };
		FE624D371D636D790001FB3D /* ViewController.swift */ = {isa = PBXFileReference; lastKnownFileType = sourcecode.swift; path = ViewController.swift; sourceTree = "<group>"; };
		FE624D3A1D636D790001FB3D /* Base */ = {isa = PBXFileReference; lastKnownFileType = file.storyboard; name = Base; path = Base.lproj/Main.storyboard; sourceTree = "<group>"; };
		FE624D3C1D636D790001FB3D /* Assets.xcassets */ = {isa = PBXFileReference; lastKnownFileType = folder.assetcatalog; path = Assets.xcassets; sourceTree = "<group>"; };
		FE624D3F1D636D790001FB3D /* Base */ = {isa = PBXFileReference; lastKnownFileType = file.storyboard; name = Base; path = Base.lproj/LaunchScreen.storyboard; sourceTree = "<group>"; };
		FE624D411D636D790001FB3D /* Info.plist */ = {isa = PBXFileReference; lastKnownFileType = text.plist.xml; path = Info.plist; sourceTree = "<group>"; };
		FE624D461D636D790001FB3D /* schoolsTestTests.xctest */ = {isa = PBXFileReference; explicitFileType = wrapper.cfbundle; includeInIndex = 0; path = schoolsTestTests.xctest; sourceTree = BUILT_PRODUCTS_DIR; };
		FE624D4A1D636D790001FB3D /* schoolsTestTests.swift */ = {isa = PBXFileReference; lastKnownFileType = sourcecode.swift; path = schoolsTestTests.swift; sourceTree = "<group>"; };
		FE624D4C1D636D790001FB3D /* Info.plist */ = {isa = PBXFileReference; lastKnownFileType = text.plist.xml; path = Info.plist; sourceTree = "<group>"; };
		FE624D511D636D790001FB3D /* schoolsTestUITests.xctest */ = {isa = PBXFileReference; explicitFileType = wrapper.cfbundle; includeInIndex = 0; path = schoolsTestUITests.xctest; sourceTree = BUILT_PRODUCTS_DIR; };
		FE624D551D636D790001FB3D /* schoolsTestUITests.swift */ = {isa = PBXFileReference; lastKnownFileType = sourcecode.swift; path = schoolsTestUITests.swift; sourceTree = "<group>"; };
		FE624D571D636D790001FB3D /* Info.plist */ = {isa = PBXFileReference; lastKnownFileType = text.plist.xml; path = Info.plist; sourceTree = "<group>"; };
/* End PBXFileReference section */

/* Begin PBXFrameworksBuildPhase section */
		FE624D2F1D636D790001FB3D /* Frameworks */ = {
			isa = PBXFrameworksBuildPhase;
			buildActionMask = 2147483647;
			files = (
			);
			runOnlyForDeploymentPostprocessing = 0;
		};
		FE624D431D636D790001FB3D /* Frameworks */ = {
			isa = PBXFrameworksBuildPhase;
			buildActionMask = 2147483647;
			files = (
			);
			runOnlyForDeploymentPostprocessing = 0;
		};
		FE624D4E1D636D790001FB3D /* Frameworks */ = {
			isa = PBXFrameworksBuildPhase;
			buildActionMask = 2147483647;
			files = (
			);
			runOnlyForDeploymentPostprocessing = 0;
		};
/* End PBXFrameworksBuildPhase section */

/* Begin PBXGroup section */
		FE624D291D636D790001FB3D = {
			isa = PBXGroup;
			children = (
				FE624D341D636D790001FB3D /* schoolsTest */,
				FE624D491D636D790001FB3D /* schoolsTestTests */,
				FE624D541D636D790001FB3D /* schoolsTestUITests */,
				FE624D331D636D790001FB3D /* Products */,
			);
			sourceTree = "<group>";
		};
		FE624D331D636D790001FB3D /* Products */ = {
			isa = PBXGroup;
			children = (
				FE624D321D636D790001FB3D /* schoolsTest.app */,
				FE624D461D636D790001FB3D /* schoolsTestTests.xctest */,
				FE624D511D636D790001FB3D /* schoolsTestUITests.xctest */,
			);
			name = Products;
			sourceTree = "<group>";
		};
		FE624D341D636D790001FB3D /* schoolsTest */ = {
			isa = PBXGroup;
			children = (
				FE624D351D636D790001FB3D /* AppDelegate.swift */,
				FE624D371D636D790001FB3D /* ViewController.swift */,
				FE1DB86F1D63FFC100D266A3 /* us_universities.txt */,
				FE624D391D636D790001FB3D /* Main.storyboard */,
				FE1E91CE1D64CC94001A01DF /* Main_v2.storyboard */,
				FE624D3C1D636D790001FB3D /* Assets.xcassets */,
				FE624D3E1D636D790001FB3D /* LaunchScreen.storyboard */,
				FE624D411D636D790001FB3D /* Info.plist */,
			);
			path = schoolsTest;
			sourceTree = "<group>";
		};
		FE624D491D636D790001FB3D /* schoolsTestTests */ = {
			isa = PBXGroup;
			children = (
				FE624D4A1D636D790001FB3D /* schoolsTestTests.swift */,
				FE624D4C1D636D790001FB3D /* Info.plist */,
			);
			path = schoolsTestTests;
			sourceTree = "<group>";
		};
		FE624D541D636D790001FB3D /* schoolsTestUITests */ = {
			isa = PBXGroup;
			children = (
				FE624D551D636D790001FB3D /* schoolsTestUITests.swift */,
				FE624D571D636D790001FB3D /* Info.plist */,
			);
			path = schoolsTestUITests;
			sourceTree = "<group>";
		};
/* End PBXGroup section */

/* Begin PBXNativeTarget section */
		FE624D311D636D790001FB3D /* schoolsTest */ = {
			isa = PBXNativeTarget;
			buildConfigurationList = FE624D5A1D636D790001FB3D /* Build configuration list for PBXNativeTarget "schoolsTest" */;
			buildPhases = (
				FE624D2E1D636D790001FB3D /* Sources */,
				FE624D2F1D636D790001FB3D /* Frameworks */,
				FE624D301D636D790001FB3D /* Resources */,
			);
			buildRules = (
			);
			dependencies = (
			);
			name = schoolsTest;
			productName = schoolsTest;
			productReference = FE624D321D636D790001FB3D /* schoolsTest.app */;
			productType = "com.apple.product-type.application";
		};
		FE624D451D636D790001FB3D /* schoolsTestTests */ = {
			isa = PBXNativeTarget;
			buildConfigurationList = FE624D5D1D636D790001FB3D /* Build configuration list for PBXNativeTarget "schoolsTestTests" */;
			buildPhases = (
				FE624D421D636D790001FB3D /* Sources */,
				FE624D431D636D790001FB3D /* Frameworks */,
				FE624D441D636D790001FB3D /* Resources */,
			);
			buildRules = (
			);
			dependencies = (
				FE624D481D636D790001FB3D /* PBXTargetDependency */,
			);
			name = schoolsTestTests;
			productName = schoolsTestTests;
			productReference = FE624D461D636D790001FB3D /* schoolsTestTests.xctest */;
			productType = "com.apple.product-type.bundle.unit-test";
		};
		FE624D501D636D790001FB3D /* schoolsTestUITests */ = {
			isa = PBXNativeTarget;
			buildConfigurationList = FE624D601D636D790001FB3D /* Build configuration list for PBXNativeTarget "schoolsTestUITests" */;
			buildPhases = (
				FE624D4D1D636D790001FB3D /* Sources */,
				FE624D4E1D636D790001FB3D /* Frameworks */,
				FE624D4F1D636D790001FB3D /* Resources */,
			);
			buildRules = (
			);
			dependencies = (
				FE624D531D636D790001FB3D /* PBXTargetDependency */,
			);
			name = schoolsTestUITests;
			productName = schoolsTestUITests;
			productReference = FE624D511D636D790001FB3D /* schoolsTestUITests.xctest */;
			productType = "com.apple.product-type.bundle.ui-testing";
		};
/* End PBXNativeTarget section */

/* Begin PBXProject section */
		FE624D2A1D636D790001FB3D /* Project object */ = {
			isa = PBXProject;
			attributes = {
				LastSwiftUpdateCheck = 0730;
				LastUpgradeCheck = 0730;
				ORGANIZATIONNAME = ArielBong;
				TargetAttributes = {
					FE624D311D636D790001FB3D = {
						CreatedOnToolsVersion = 7.3.1;
						DevelopmentTeam = 4EX4EPWFTU;
					};
					FE624D451D636D790001FB3D = {
						CreatedOnToolsVersion = 7.3.1;
						DevelopmentTeam = 4EX4EPWFTU;
						TestTargetID = FE624D311D636D790001FB3D;
					};
					FE624D501D636D790001FB3D = {
						CreatedOnToolsVersion = 7.3.1;
						DevelopmentTeam = 4EX4EPWFTU;
						TestTargetID = FE624D311D636D790001FB3D;
					};
				};
			};
			buildConfigurationList = FE624D2D1D636D790001FB3D /* Build configuration list for PBXProject "schoolsTest" */;
			compatibilityVersion = "Xcode 3.2";
			developmentRegion = English;
			hasScannedForEncodings = 0;
			knownRegions = (
				en,
				Base,
			);
			mainGroup = FE624D291D636D790001FB3D;
			productRefGroup = FE624D331D636D790001FB3D /* Products */;
			projectDirPath = "";
			projectRoot = "";
			targets = (
				FE624D311D636D790001FB3D /* schoolsTest */,
				FE624D451D636D790001FB3D /* schoolsTestTests */,
				FE624D501D636D790001FB3D /* schoolsTestUITests */,
			);
		};
/* End PBXProject section */

/* Begin PBXResourcesBuildPhase section */
		FE624D301D636D790001FB3D /* Resources */ = {
			isa = PBXResourcesBuildPhase;
			buildActionMask = 2147483647;
			files = (
				FE1E91CF1D64CC94001A01DF /* Main_v2.storyboard in Resources */,
				FE624D401D636D790001FB3D /* LaunchScreen.storyboard in Resources */,
				FE624D3D1D636D790001FB3D /* Assets.xcassets in Resources */,
				FE1DB8701D63FFC100D266A3 /* us_universities.txt in Resources */,
				FE624D3B1D636D790001FB3D /* Main.storyboard in Resources */,
			);
			runOnlyForDeploymentPostprocessing = 0;
		};
		FE624D441D636D790001FB3D /* Resources */ = {
			isa = PBXResourcesBuildPhase;
			buildActionMask = 2147483647;
			files = (
			);
			runOnlyForDeploymentPostprocessing = 0;
		};
		FE624D4F1D636D790001FB3D /* Resources */ = {
			isa = PBXResourcesBuildPhase;
			buildActionMask = 2147483647;
			files = (
			);
			runOnlyForDeploymentPostprocessing = 0;
		};
/* End PBXResourcesBuildPhase section */

/* Begin PBXSourcesBuildPhase section */
		FE624D2E1D636D790001FB3D /* Sources */ = {
			isa = PBXSourcesBuildPhase;
			buildActionMask = 2147483647;
			files = (
				FE624D381D636D790001FB3D /* ViewController.swift in Sources */,
				FE624D361D636D790001FB3D /* AppDelegate.swift in Sources */,
			);
			runOnlyForDeploymentPostprocessing = 0;
		};
		FE624D421D636D790001FB3D /* Sources */ = {
			isa = PBXSourcesBuildPhase;
			buildActionMask = 2147483647;
			files = (
				FE624D4B1D636D790001FB3D /* schoolsTestTests.swift in Sources */,
			);
			runOnlyForDeploymentPostprocessing = 0;
		};
		FE624D4D1D636D790001FB3D /* Sources */ = {
			isa = PBXSourcesBuildPhase;
			buildActionMask = 2147483647;
			files = (
				FE624D561D636D790001FB3D /* schoolsTestUITests.swift in Sources */,
			);
			runOnlyForDeploymentPostprocessing = 0;
		};
/* End PBXSourcesBuildPhase section */

/* Begin PBXTargetDependency section */
		FE624D481D636D790001FB3D /* PBXTargetDependency */ = {
			isa = PBXTargetDependency;
			target = FE624D311D636D790001FB3D /* schoolsTest */;
			targetProxy = FE624D471D636D790001FB3D /* PBXContainerItemProxy */;
		};
		FE624D531D636D790001FB3D /* PBXTargetDependency */ = {
			isa = PBXTargetDependency;
			target = FE624D311D636D790001FB3D /* schoolsTest */;
			targetProxy = FE624D521D636D790001FB3D /* PBXContainerItemProxy */;
		};
/* End PBXTargetDependency section */

/* Begin PBXVariantGroup section */
		FE624D391D636D790001FB3D /* Main.storyboard */ = {
			isa = PBXVariantGroup;
			children = (
				FE624D3A1D636D790001FB3D /* Base */,
			);
			name = Main.storyboard;
			sourceTree = "<group>";
		};
		FE624D3E1D636D790001FB3D /* LaunchScreen.storyboard */ = {
			isa = PBXVariantGroup;
			children = (
				FE624D3F1D636D790001FB3D /* Base */,
			);
			name = LaunchScreen.storyboard;
			sourceTree = "<group>";
		};
/* End PBXVariantGroup section */

/* Begin XCBuildConfiguration section */
		FE624D581D636D790001FB3D /* Debug */ = {
			isa = XCBuildConfiguration;
			buildSettings = {
				ALWAYS_SEARCH_USER_PATHS = NO;
				CLANG_ANALYZER_NONNULL = YES;
				CLANG_CXX_LANGUAGE_STANDARD = "gnu++0x";
				CLANG_CXX_LIBRARY = "libc++";
				CLANG_ENABLE_MODULES = YES;
				CLANG_ENABLE_OBJC_ARC = YES;
				CLANG_WARN_BOOL_CONVERSION = YES;
				CLANG_WARN_CONSTANT_CONVERSION = YES;
				CLANG_WARN_DIRECT_OBJC_ISA_USAGE = YES_ERROR;
				CLANG_WARN_EMPTY_BODY = YES;
				CLANG_WARN_ENUM_CONVERSION = YES;
				CLANG_WARN_INT_CONVERSION = YES;
				CLANG_WARN_OBJC_ROOT_CLASS = YES_ERROR;
				CLANG_WARN_UNREACHABLE_CODE = YES;
				CLANG_WARN__DUPLICATE_METHOD_MATCH = YES;
				"CODE_SIGN_IDENTITY[sdk=iphoneos*]" = "iPhone Developer";
				COPY_PHASE_STRIP = NO;
				DEBUG_INFORMATION_FORMAT = dwarf;
				ENABLE_STRICT_OBJC_MSGSEND = YES;
				ENABLE_TESTABILITY = YES;
				GCC_C_LANGUAGE_STANDARD = gnu99;
				GCC_DYNAMIC_NO_PIC = NO;
				GCC_NO_COMMON_BLOCKS = YES;
				GCC_OPTIMIZATION_LEVEL = 0;
				GCC_PREPROCESSOR_DEFINITIONS = (
					"DEBUG=1",
					"$(inherited)",
				);
				GCC_WARN_64_TO_32_BIT_CONVERSION = YES;
				GCC_WARN_ABOUT_RETURN_TYPE = YES_ERROR;
				GCC_WARN_UNDECLARED_SELECTOR = YES;
				GCC_WARN_UNINITIALIZED_AUTOS = YES_AGGRESSIVE;
				GCC_WARN_UNUSED_FUNCTION = YES;
				GCC_WARN_UNUSED_VARIABLE = YES;
				IPHONEOS_DEPLOYMENT_TARGET = 9.3;
				MTL_ENABLE_DEBUG_INFO = YES;
				ONLY_ACTIVE_ARCH = YES;
				SDKROOT = iphoneos;
				SWIFT_OPTIMIZATION_LEVEL = "-Onone";
			};
			name = Debug;
		};
		FE624D591D636D790001FB3D /* Release */ = {
			isa = XCBuildConfiguration;
			buildSettings = {
				ALWAYS_SEARCH_USER_PATHS = NO;
				CLANG_ANALYZER_NONNULL = YES;
				CLANG_CXX_LANGUAGE_STANDARD = "gnu++0x";
				CLANG_CXX_LIBRARY = "libc++";
				CLANG_ENABLE_MODULES = YES;
				CLANG_ENABLE_OBJC_ARC = YES;
				CLANG_WARN_BOOL_CONVERSION = YES;
				CLANG_WARN_CONSTANT_CONVERSION = YES;
				CLANG_WARN_DIRECT_OBJC_ISA_USAGE = YES_ERROR;
				CLANG_WARN_EMPTY_BODY = YES;
				CLANG_WARN_ENUM_CONVERSION = YES;
				CLANG_WARN_INT_CONVERSION = YES;
				CLANG_WARN_OBJC_ROOT_CLASS = YES_ERROR;
				CLANG_WARN_UNREACHABLE_CODE = YES;
				CLANG_WARN__DUPLICATE_METHOD_MATCH = YES;
				"CODE_SIGN_IDENTITY[sdk=iphoneos*]" = "iPhone Developer";
				COPY_PHASE_STRIP = NO;
				DEBUG_INFORMATION_FORMAT = "dwarf-with-dsym";
				ENABLE_NS_ASSERTIONS = NO;
				ENABLE_STRICT_OBJC_MSGSEND = YES;
				GCC_C_LANGUAGE_STANDARD = gnu99;
				GCC_NO_COMMON_BLOCKS = YES;
				GCC_WARN_64_TO_32_BIT_CONVERSION = YES;
				GCC_WARN_ABOUT_RETURN_TYPE = YES_ERROR;
				GCC_WARN_UNDECLARED_SELECTOR = YES;
				GCC_WARN_UNINITIALIZED_AUTOS = YES_AGGRESSIVE;
				GCC_WARN_UNUSED_FUNCTION = YES;
				GCC_WARN_UNUSED_VARIABLE = YES;
				IPHONEOS_DEPLOYMENT_TARGET = 9.3;
				MTL_ENABLE_DEBUG_INFO = NO;
				SDKROOT = iphoneos;
				VALIDATE_PRODUCT = YES;
			};
			name = Release;
		};
		FE624D5B1D636D790001FB3D /* Debug */ = {
			isa = XCBuildConfiguration;
			buildSettings = {
				ASSETCATALOG_COMPILER_APPICON_NAME = AppIcon;
				INFOPLIST_FILE = schoolsTest/Info.plist;
				LD_RUNPATH_SEARCH_PATHS = "$(inherited) @executable_path/Frameworks";
				PRODUCT_BUNDLE_IDENTIFIER = meshDev.schoolsTest;
				PRODUCT_NAME = "$(TARGET_NAME)";
			};
			name = Debug;
		};
		FE624D5C1D636D790001FB3D /* Release */ = {
			isa = XCBuildConfiguration;
			buildSettings = {
				ASSETCATALOG_COMPILER_APPICON_NAME = AppIcon;
				INFOPLIST_FILE = schoolsTest/Info.plist;
				LD_RUNPATH_SEARCH_PATHS = "$(inherited) @executable_path/Frameworks";
				PRODUCT_BUNDLE_IDENTIFIER = meshDev.schoolsTest;
				PRODUCT_NAME = "$(TARGET_NAME)";
			};
			name = Release;
		};
		FE624D5E1D636D790001FB3D /* Debug */ = {
			isa = XCBuildConfiguration;
			buildSettings = {
				BUNDLE_LOADER = "$(TEST_HOST)";
				INFOPLIST_FILE = schoolsTestTests/Info.plist;
				LD_RUNPATH_SEARCH_PATHS = "$(inherited) @executable_path/Frameworks @loader_path/Frameworks";
				PRODUCT_BUNDLE_IDENTIFIER = meshDev.schoolsTestTests;
				PRODUCT_NAME = "$(TARGET_NAME)";
				TEST_HOST = "$(BUILT_PRODUCTS_DIR)/schoolsTest.app/schoolsTest";
			};
			name = Debug;
		};
		FE624D5F1D636D790001FB3D /* Release */ = {
			isa = XCBuildConfiguration;
			buildSettings = {
				BUNDLE_LOADER = "$(TEST_HOST)";
				INFOPLIST_FILE = schoolsTestTests/Info.plist;
				LD_RUNPATH_SEARCH_PATHS = "$(inherited) @executable_path/Frameworks @loader_path/Frameworks";
				PRODUCT_BUNDLE_IDENTIFIER = meshDev.schoolsTestTests;
				PRODUCT_NAME = "$(TARGET_NAME)";
				TEST_HOST = "$(BUILT_PRODUCTS_DIR)/schoolsTest.app/schoolsTest";
			};
			name = Release;
		};
		FE624D611D636D790001FB3D /* Debug */ = {
			isa = XCBuildConfiguration;
			buildSettings = {
				INFOPLIST_FILE = schoolsTestUITests/Info.plist;
				LD_RUNPATH_SEARCH_PATHS = "$(inherited) @executable_path/Frameworks @loader_path/Frameworks";
				PRODUCT_BUNDLE_IDENTIFIER = meshDev.schoolsTestUITests;
				PRODUCT_NAME = "$(TARGET_NAME)";
				TEST_TARGET_NAME = schoolsTest;
			};
			name = Debug;
		};
		FE624D621D636D790001FB3D /* Release */ = {
			isa = XCBuildConfiguration;
			buildSettings = {
				INFOPLIST_FILE = schoolsTestUITests/Info.plist;
				LD_RUNPATH_SEARCH_PATHS = "$(inherited) @executable_path/Frameworks @loader_path/Frameworks";
				PRODUCT_BUNDLE_IDENTIFIER = meshDev.schoolsTestUITests;
				PRODUCT_NAME = "$(TARGET_NAME)";
				TEST_TARGET_NAME = schoolsTest;
			};
			name = Release;
		};
/* End XCBuildConfiguration section */

/* Begin XCConfigurationList section */
		FE624D2D1D636D790001FB3D /* Build configuration list for PBXProject "schoolsTest" */ = {
			isa = XCConfigurationList;
			buildConfigurations = (
				FE624D581D636D790001FB3D /* Debug */,
				FE624D591D636D790001FB3D /* Release */,
			);
			defaultConfigurationIsVisible = 0;
			defaultConfigurationName = Release;
		};
		FE624D5A1D636D790001FB3D /* Build configuration list for PBXNativeTarget "schoolsTest" */ = {
			isa = XCConfigurationList;
			buildConfigurations = (
				FE624D5B1D636D790001FB3D /* Debug */,
				FE624D5C1D636D790001FB3D /* Release */,
			);
			defaultConfigurationIsVisible = 0;
			defaultConfigurationName = Release;
		};
		FE624D5D1D636D790001FB3D /* Build configuration list for PBXNativeTarget "schoolsTestTests" */ = {
			isa = XCConfigurationList;
			buildConfigurations = (
				FE624D5E1D636D790001FB3D /* Debug */,
				FE624D5F1D636D790001FB3D /* Release */,
			);
			defaultConfigurationIsVisible = 0;
			defaultConfigurationName = Release;
		};
		FE624D601D636D790001FB3D /* Build configuration list for PBXNativeTarget "schoolsTestUITests" */ = {
			isa = XCConfigurationList;
			buildConfigurations = (
				FE624D611D636D790001FB3D /* Debug */,
				FE624D621D636D790001FB3D /* Release */,
			);
			defaultConfigurationIsVisible = 0;
			defaultConfigurationName = Release;
		};
/* End XCConfigurationList section */
	};
	rootObject = FE624D2A1D636D790001FB3D /* Project object */;
}
